
Microsoft Visual Studio Solution File, Format Version 12.00
# Visual Studio 15
VisualStudioVersion = 15.0.28307.1082
MinimumVisualStudioVersion = 10.0.40219.1
Project("{8BC9CEB8-8B4A-11D0-8D11-00A0C91BC942}") = "ejercicio1", "ejercicio1\ejercicio1.vcxproj", "{DB8EC4D9-3E93-4E7D-85EC-5D4E52FBF2A6}"
EndProject
Project("{8BC9CEB8-8B4A-11D0-8D11-00A0C91BC942}") = "ejercicio2", "ejercicio2\ejercicio2.vcxproj", "{F2B0822F-0733-46BC-BB7B-C72F9CB333D3}"
EndProject
Global
	GlobalSection(SolutionConfigurationPlatforms) = preSolution
		Debug|x64 = Debug|x64
		Debug|x86 = Debug|x86
		Release|x64 = Release|x64
		Release|x86 = Release|x86
	EndGlobalSection
	GlobalSection(ProjectConfigurationPlatforms) = postSolution
		{DB8EC4D9-3E93-4E7D-85EC-5D4E52FBF2A6}.Debug|x64.ActiveCfg = Debug|x64
		{DB8EC4D9-3E93-4E7D-85EC-5D4E52FBF2A6}.Debug|x64.Build.0 = Debug|x64
		{DB8EC4D9-3E93-4E7D-85EC-5D4E52FBF2A6}.Debug|x86.ActiveCfg = Debug|Win32
		{DB8EC4D9-3E93-4E7D-85EC-5D4E52FBF2A6}.Debug|x86.Build.0 = Debug|Win32
		{DB8EC4D9-3E93-4E7D-85EC-5D4E52FBF2A6}.Release|x64.ActiveCfg = Release|x64
		{DB8EC4D9-3E93-4E7D-85EC-5D4E52FBF2A6}.Release|x64.Build.0 = Release|x64
		{DB8EC4D9-3E93-4E7D-85EC-5D4E52FBF2A6}.Release|x86.ActiveCfg = Release|Win32
		{DB8EC4D9-3E93-4E7D-85EC-5D4E52FBF2A6}.Release|x86.Build.0 = Release|Win32
		{F2B0822F-0733-46BC-BB7B-C72F9CB333D3}.Debug|x64.ActiveCfg = Debug|x64
		{F2B0822F-0733-46BC-BB7B-C72F9CB333D3}.Debug|x64.Build.0 = Debug|x64
		{F2B0822F-0733-46BC-BB7B-C72F9CB333D3}.Debug|x86.ActiveCfg = Debug|Win32
		{F2B0822F-0733-46BC-BB7B-C72F9CB333D3}.Debug|x86.Build.0 = Debug|Win32
		{F2B0822F-0733-46BC-BB7B-C72F9CB333D3}.Release|x64.ActiveCfg = Release|x64
		{F2B0822F-0733-46BC-BB7B-C72F9CB333D3}.Release|x64.Build.0 = Release|x64
		{F2B0822F-0733-46BC-BB7B-C72F9CB333D3}.Release|x86.ActiveCfg = Release|Win32
		{F2B0822F-0733-46BC-BB7B-C72F9CB333D3}.Release|x86.Build.0 = Release|Win32
	EndGlobalSection
	GlobalSection(SolutionProperties) = preSolution
		HideSolutionNode = FALSE
	EndGlobalSection
	GlobalSection(ExtensibilityGlobals) = postSolution
		SolutionGuid = {7F5F8DD9-D504-41C3-95AD-8747290CAAE3}
	EndGlobalSection
EndGlobal
